
Microsoft Visual Studio Solution File, Format Version 11.00
# Visual Studio 2010
Project("{FAE04EC0-301F-11D3-BF4B-00C04F79EFBC}") = "Assembly-CSharp", "Assembly-CSharp.csproj", "{b7d66992-d02a-eae9-1835-fd75b75f88f9}"
EndProject
Project("{FAE04EC0-301F-11D3-BF4B-00C04F79EFBC}") = "Assembly-CSharp-Editor", "Assembly-CSharp-Editor.csproj", "{4fc6186a-0709-83dd-9f79-c017e2874cb7}"
EndProject
Global
	GlobalSection(SolutionConfigurationPlatforms) = preSolution
		Debug|Any CPU = Debug|Any CPU
		Release|Any CPU = Release|Any CPU
	EndGlobalSection
	GlobalSection(ProjectConfigurationPlatforms) = postSolution
		{b7d66992-d02a-eae9-1835-fd75b75f88f9}.Debug|Any CPU.ActiveCfg = Debug|Any CPU
		{b7d66992-d02a-eae9-1835-fd75b75f88f9}.Debug|Any CPU.Build.0 = Debug|Any CPU
		{b7d66992-d02a-eae9-1835-fd75b75f88f9}.Release|Any CPU.ActiveCfg = Release|Any CPU
		{b7d66992-d02a-eae9-1835-fd75b75f88f9}.Release|Any CPU.Build.0 = Release|Any CPU
		{4fc6186a-0709-83dd-9f79-c017e2874cb7}.Debug|Any CPU.ActiveCfg = Debug|Any CPU
		{4fc6186a-0709-83dd-9f79-c017e2874cb7}.Debug|Any CPU.Build.0 = Debug|Any CPU
		{4fc6186a-0709-83dd-9f79-c017e2874cb7}.Release|Any CPU.ActiveCfg = Release|Any CPU
		{4fc6186a-0709-83dd-9f79-c017e2874cb7}.Release|Any CPU.Build.0 = Release|Any CPU
	EndGlobalSection
	GlobalSection(SolutionProperties) = preSolution
		HideSolutionNode = FALSE
	EndGlobalSection
EndGlobal
